// !$*UTF8*$!
{
	archiveVersion = 1;
	classes = {
	};
	objectVersion = 46;
	objects = {

/* Begin PBXBuildFile section */
		18100DC11D509D110011A4AF /* cancel@1x.png in Resources */ = {isa = PBXBuildFile; fileRef = 18100DAF1D509D110011A4AF /* cancel@1x.png */; };
		18100DC21D509D110011A4AF /* cancel@2x.png in Resources */ = {isa = PBXBuildFile; fileRef = 18100DB01D509D110011A4AF /* cancel@2x.png */; };
		18100DC31D509D110011A4AF /* cancel@3x.png in Resources */ = {isa = PBXBuildFile; fileRef = 18100DB11D509D110011A4AF /* cancel@3x.png */; };
		18100DC41D509D110011A4AF /* cancelhighlighted@1x.png in Resources */ = {isa = PBXBuildFile; fileRef = 18100DB21D509D110011A4AF /* cancelhighlighted@1x.png */; };
		18100DC51D509D110011A4AF /* cancelhighlighted@2x.png in Resources */ = {isa = PBXBuildFile; fileRef = 18100DB31D509D110011A4AF /* cancelhighlighted@2x.png */; };
		18100DC61D509D110011A4AF /* cancelhighlighted@3x.png in Resources */ = {isa = PBXBuildFile; fileRef = 18100DB41D509D110011A4AF /* cancelhighlighted@3x.png */; };
		18100DC71D509D110011A4AF /* confirm@1x.png in Resources */ = {isa = PBXBuildFile; fileRef = 18100DB51D509D110011A4AF /* confirm@1x.png */; };
		18100DC81D509D110011A4AF /* confirm@2x.png in Resources */ = {isa = PBXBuildFile; fileRef = 18100DB61D509D110011A4AF /* confirm@2x.png */; };
		18100DC91D509D110011A4AF /* confirm@3x.png in Resources */ = {isa = PBXBuildFile; fileRef = 18100DB71D509D110011A4AF /* confirm@3x.png */; };
		18100DCA1D509D110011A4AF /* confirmhighlighted@1x.png in Resources */ = {isa = PBXBuildFile; fileRef = 18100DB81D509D110011A4AF /* confirmhighlighted@1x.png */; };
		18100DCB1D509D110011A4AF /* confirmhighlighted@2x.png in Resources */ = {isa = PBXBuildFile; fileRef = 18100DB91D509D110011A4AF /* confirmhighlighted@2x.png */; };
		18100DCC1D509D110011A4AF /* confirmhighlighted@3x.png in Resources */ = {isa = PBXBuildFile; fileRef = 18100DBA1D509D110011A4AF /* confirmhighlighted@3x.png */; };
		18100DCD1D509D110011A4AF /* remove@1x.png in Resources */ = {isa = PBXBuildFile; fileRef = 18100DBB1D509D110011A4AF /* remove@1x.png */; };
		18100DCE1D509D110011A4AF /* remove@2x.png in Resources */ = {isa = PBXBuildFile; fileRef = 18100DBC1D509D110011A4AF /* remove@2x.png */; };
		18100DCF1D509D110011A4AF /* remove@3x.png in Resources */ = {isa = PBXBuildFile; fileRef = 18100DBD1D509D110011A4AF /* remove@3x.png */; };
		18100DD01D509D110011A4AF /* removehighlighted@1x.png in Resources */ = {isa = PBXBuildFile; fileRef = 18100DBE1D509D110011A4AF /* removehighlighted@1x.png */; };
		18100DD11D509D110011A4AF /* removehighlighted@2x.png in Resources */ = {isa = PBXBuildFile; fileRef = 18100DBF1D509D110011A4AF /* removehighlighted@2x.png */; };
		18100DD21D509D110011A4AF /* removehighlighted@3x.png in Resources */ = {isa = PBXBuildFile; fileRef = 18100DC01D509D110011A4AF /* removehighlighted@3x.png */; };
		18FE0D051D4F34D300CC6F2D /* main.m in Sources */ = {isa = PBXBuildFile; fileRef = 18FE0D041D4F34D300CC6F2D /* main.m */; };
		18FE0D081D4F34D300CC6F2D /* AppDelegate.m in Sources */ = {isa = PBXBuildFile; fileRef = 18FE0D071D4F34D300CC6F2D /* AppDelegate.m */; };
		18FE0D0B1D4F34D300CC6F2D /* ViewController.m in Sources */ = {isa = PBXBuildFile; fileRef = 18FE0D0A1D4F34D300CC6F2D /* ViewController.m */; };
		18FE0D0E1D4F34D300CC6F2D /* Main.storyboard in Resources */ = {isa = PBXBuildFile; fileRef = 18FE0D0C1D4F34D300CC6F2D /* Main.storyboard */; };
		18FE0D111D4F34D300CC6F2D /* LCSing.xcdatamodeld in Sources */ = {isa = PBXBuildFile; fileRef = 18FE0D0F1D4F34D300CC6F2D /* LCSing.xcdatamodeld */; };
		18FE0D131D4F34D300CC6F2D /* Assets.xcassets in Resources */ = {isa = PBXBuildFile; fileRef = 18FE0D121D4F34D300CC6F2D /* Assets.xcassets */; };
		18FE0D161D4F34D300CC6F2D /* LaunchScreen.storyboard in Resources */ = {isa = PBXBuildFile; fileRef = 18FE0D141D4F34D300CC6F2D /* LaunchScreen.storyboard */; };
		18FE0D211D4F34D300CC6F2D /* LCSingTests.m in Sources */ = {isa = PBXBuildFile; fileRef = 18FE0D201D4F34D300CC6F2D /* LCSingTests.m */; };
		18FE0D2C1D4F34D300CC6F2D /* LCSingUITests.m in Sources */ = {isa = PBXBuildFile; fileRef = 18FE0D2B1D4F34D300CC6F2D /* LCSingUITests.m */; };
		18FE0D3B1D4F46C600CC6F2D /* LCSign.m in Sources */ = {isa = PBXBuildFile; fileRef = 18FE0D3A1D4F46C600CC6F2D /* LCSign.m */; };
		18FE0D3E1D4F478F00CC6F2D /* LCDrawSignView.m in Sources */ = {isa = PBXBuildFile; fileRef = 18FE0D3D1D4F478F00CC6F2D /* LCDrawSignView.m */; };
/* End PBXBuildFile section */

/* Begin PBXContainerItemProxy section */
		18FE0D1D1D4F34D300CC6F2D /* PBXContainerItemProxy */ = {
			isa = PBXContainerItemProxy;
			containerPortal = 18FE0CF81D4F34D300CC6F2D /* Project object */;
			proxyType = 1;
			remoteGlobalIDString = 18FE0CFF1D4F34D300CC6F2D;
			remoteInfo = LCSing;
		};
		18FE0D281D4F34D300CC6F2D /* PBXContainerItemProxy */ = {
			isa = PBXContainerItemProxy;
			containerPortal = 18FE0CF81D4F34D300CC6F2D /* Project object */;
			proxyType = 1;
			remoteGlobalIDString = 18FE0CFF1D4F34D300CC6F2D;
			remoteInfo = LCSing;
		};
/* End PBXContainerItemProxy section */

/* Begin PBXFileReference section */
		18100DAF1D509D110011A4AF /* cancel@1x.png */ = {isa = PBXFileReference; lastKnownFileType = image.png; path = "cancel@1x.png"; sourceTree = "<group>"; };
		18100DB01D509D110011A4AF /* cancel@2x.png */ = {isa = PBXFileReference; lastKnownFileType = image.png; path = "cancel@2x.png"; sourceTree = "<group>"; };
		18100DB11D509D110011A4AF /* cancel@3x.png */ = {isa = PBXFileReference; lastKnownFileType = image.png; path = "cancel@3x.png"; sourceTree = "<group>"; };
		18100DB21D509D110011A4AF /* cancelhighlighted@1x.png */ = {isa = PBXFileReference; lastKnownFileType = image.png; path = "cancelhighlighted@1x.png"; sourceTree = "<group>"; };
		18100DB31D509D110011A4AF /* cancelhighlighted@2x.png */ = {isa = PBXFileReference; lastKnownFileType = image.png; path = "cancelhighlighted@2x.png"; sourceTree = "<group>"; };
		18100DB41D509D110011A4AF /* cancelhighlighted@3x.png */ = {isa = PBXFileReference; lastKnownFileType = image.png; path = "cancelhighlighted@3x.png"; sourceTree = "<group>"; };
		18100DB51D509D110011A4AF /* confirm@1x.png */ = {isa = PBXFileReference; lastKnownFileType = image.png; path = "confirm@1x.png"; sourceTree = "<group>"; };
		18100DB61D509D110011A4AF /* confirm@2x.png */ = {isa = PBXFileReference; lastKnownFileType = image.png; path = "confirm@2x.png"; sourceTree = "<group>"; };
		18100DB71D509D110011A4AF /* confirm@3x.png */ = {isa = PBXFileReference; lastKnownFileType = image.png; path = "confirm@3x.png"; sourceTree = "<group>"; };
		18100DB81D509D110011A4AF /* confirmhighlighted@1x.png */ = {isa = PBXFileReference; lastKnownFileType = image.png; path = "confirmhighlighted@1x.png"; sourceTree = "<group>"; };
		18100DB91D509D110011A4AF /* confirmhighlighted@2x.png */ = {isa = PBXFileReference; lastKnownFileType = image.png; path = "confirmhighlighted@2x.png"; sourceTree = "<group>"; };
		18100DBA1D509D110011A4AF /* confirmhighlighted@3x.png */ = {isa = PBXFileReference; lastKnownFileType = image.png; path = "confirmhighlighted@3x.png"; sourceTree = "<group>"; };
		18100DBB1D509D110011A4AF /* remove@1x.png */ = {isa = PBXFileReference; lastKnownFileType = image.png; path = "remove@1x.png"; sourceTree = "<group>"; };
		18100DBC1D509D110011A4AF /* remove@2x.png */ = {isa = PBXFileReference; lastKnownFileType = image.png; path = "remove@2x.png"; sourceTree = "<group>"; };
		18100DBD1D509D110011A4AF /* remove@3x.png */ = {isa = PBXFileReference; lastKnownFileType = image.png; path = "remove@3x.png"; sourceTree = "<group>"; };
		18100DBE1D509D110011A4AF /* removehighlighted@1x.png */ = {isa = PBXFileReference; lastKnownFileType = image.png; path = "removehighlighted@1x.png"; sourceTree = "<group>"; };
		18100DBF1D509D110011A4AF /* removehighlighted@2x.png */ = {isa = PBXFileReference; lastKnownFileType = image.png; path = "removehighlighted@2x.png"; sourceTree = "<group>"; };
		18100DC01D509D110011A4AF /* removehighlighted@3x.png */ = {isa = PBXFileReference; lastKnownFileType = image.png; path = "removehighlighted@3x.png"; sourceTree = "<group>"; };
		18FE0D001D4F34D300CC6F2D /* LCSing.app */ = {isa = PBXFileReference; explicitFileType = wrapper.application; includeInIndex = 0; path = LCSing.app; sourceTree = BUILT_PRODUCTS_DIR; };
		18FE0D041D4F34D300CC6F2D /* main.m */ = {isa = PBXFileReference; lastKnownFileType = sourcecode.c.objc; path = main.m; sourceTree = "<group>"; };
		18FE0D061D4F34D300CC6F2D /* AppDelegate.h */ = {isa = PBXFileReference; lastKnownFileType = sourcecode.c.h; path = AppDelegate.h; sourceTree = "<group>"; };
		18FE0D071D4F34D300CC6F2D /* AppDelegate.m */ = {isa = PBXFileReference; lastKnownFileType = sourcecode.c.objc; path = AppDelegate.m; sourceTree = "<group>"; };
		18FE0D091D4F34D300CC6F2D /* ViewController.h */ = {isa = PBXFileReference; lastKnownFileType = sourcecode.c.h; path = ViewController.h; sourceTree = "<group>"; };
		18FE0D0A1D4F34D300CC6F2D /* ViewController.m */ = {isa = PBXFileReference; lastKnownFileType = sourcecode.c.objc; path = ViewController.m; sourceTree = "<group>"; };
		18FE0D0D1D4F34D300CC6F2D /* Base */ = {isa = PBXFileReference; lastKnownFileType = file.storyboard; name = Base; path = Base.lproj/Main.storyboard; sourceTree = "<group>"; };
		18FE0D101D4F34D300CC6F2D /* LCSing.xcdatamodel */ = {isa = PBXFileReference; lastKnownFileType = wrapper.xcdatamodel; path = LCSing.xcdatamodel; sourceTree = "<group>"; };
		18FE0D121D4F34D300CC6F2D /* Assets.xcassets */ = {isa = PBXFileReference; lastKnownFileType = folder.assetcatalog; path = Assets.xcassets; sourceTree = "<group>"; };
		18FE0D151D4F34D300CC6F2D /* Base */ = {isa = PBXFileReference; lastKnownFileType = file.storyboard; name = Base; path = Base.lproj/LaunchScreen.storyboard; sourceTree = "<group>"; };
		18FE0D171D4F34D300CC6F2D /* Info.plist */ = {isa = PBXFileReference; lastKnownFileType = text.plist.xml; path = Info.plist; sourceTree = "<group>"; };
		18FE0D1C1D4F34D300CC6F2D /* LCSingTests.xctest */ = {isa = PBXFileReference; explicitFileType = wrapper.cfbundle; includeInIndex = 0; path = LCSingTests.xctest; sourceTree = BUILT_PRODUCTS_DIR; };
		18FE0D201D4F34D300CC6F2D /* LCSingTests.m */ = {isa = PBXFileReference; lastKnownFileType = sourcecode.c.objc; path = LCSingTests.m; sourceTree = "<group>"; };
		18FE0D221D4F34D300CC6F2D /* Info.plist */ = {isa = PBXFileReference; lastKnownFileType = text.plist.xml; path = Info.plist; sourceTree = "<group>"; };
		18FE0D271D4F34D300CC6F2D /* LCSingUITests.xctest */ = {isa = PBXFileReference; explicitFileType = wrapper.cfbundle; includeInIndex = 0; path = LCSingUITests.xctest; sourceTree = BUILT_PRODUCTS_DIR; };
		18FE0D2B1D4F34D300CC6F2D /* LCSingUITests.m */ = {isa = PBXFileReference; lastKnownFileType = sourcecode.c.objc; path = LCSingUITests.m; sourceTree = "<group>"; };
		18FE0D2D1D4F34D300CC6F2D /* Info.plist */ = {isa = PBXFileReference; lastKnownFileType = text.plist.xml; path = Info.plist; sourceTree = "<group>"; };
		18FE0D391D4F46C600CC6F2D /* LCSign.h */ = {isa = PBXFileReference; fileEncoding = 4; lastKnownFileType = sourcecode.c.h; path = LCSign.h; sourceTree = "<group>"; };
		18FE0D3A1D4F46C600CC6F2D /* LCSign.m */ = {isa = PBXFileReference; fileEncoding = 4; lastKnownFileType = sourcecode.c.objc; path = LCSign.m; sourceTree = "<group>"; };
		18FE0D3C1D4F478F00CC6F2D /* LCDrawSignView.h */ = {isa = PBXFileReference; fileEncoding = 4; lastKnownFileType = sourcecode.c.h; path = LCDrawSignView.h; sourceTree = "<group>"; };
		18FE0D3D1D4F478F00CC6F2D /* LCDrawSignView.m */ = {isa = PBXFileReference; fileEncoding = 4; lastKnownFileType = sourcecode.c.objc; path = LCDrawSignView.m; sourceTree = "<group>"; };
/* End PBXFileReference section */

/* Begin PBXFrameworksBuildPhase section */
		18FE0CFD1D4F34D300CC6F2D /* Frameworks */ = {
			isa = PBXFrameworksBuildPhase;
			buildActionMask = 2147483647;
			files = (
			);
			runOnlyForDeploymentPostprocessing = 0;
		};
		18FE0D191D4F34D300CC6F2D /* Frameworks */ = {
			isa = PBXFrameworksBuildPhase;
			buildActionMask = 2147483647;
			files = (
			);
			runOnlyForDeploymentPostprocessing = 0;
		};
		18FE0D241D4F34D300CC6F2D /* Frameworks */ = {
			isa = PBXFrameworksBuildPhase;
			buildActionMask = 2147483647;
			files = (
			);
			runOnlyForDeploymentPostprocessing = 0;
		};
/* End PBXFrameworksBuildPhase section */

/* Begin PBXGroup section */
		18100DAE1D509CB70011A4AF /* image */ = {
			isa = PBXGroup;
			children = (
				18100DAF1D509D110011A4AF /* cancel@1x.png */,
				18100DB01D509D110011A4AF /* cancel@2x.png */,
				18100DB11D509D110011A4AF /* cancel@3x.png */,
				18100DB21D509D110011A4AF /* cancelhighlighted@1x.png */,
				18100DB31D509D110011A4AF /* cancelhighlighted@2x.png */,
				18100DB41D509D110011A4AF /* cancelhighlighted@3x.png */,
				18100DB51D509D110011A4AF /* confirm@1x.png */,
				18100DB61D509D110011A4AF /* confirm@2x.png */,
				18100DB71D509D110011A4AF /* confirm@3x.png */,
				18100DB81D509D110011A4AF /* confirmhighlighted@1x.png */,
				18100DB91D509D110011A4AF /* confirmhighlighted@2x.png */,
				18100DBA1D509D110011A4AF /* confirmhighlighted@3x.png */,
				18100DBB1D509D110011A4AF /* remove@1x.png */,
				18100DBC1D509D110011A4AF /* remove@2x.png */,
				18100DBD1D509D110011A4AF /* remove@3x.png */,
				18100DBE1D509D110011A4AF /* removehighlighted@1x.png */,
				18100DBF1D509D110011A4AF /* removehighlighted@2x.png */,
				18100DC01D509D110011A4AF /* removehighlighted@3x.png */,
			);
			name = image;
			sourceTree = "<group>";
		};
		18FE0CF71D4F34D300CC6F2D = {
			isa = PBXGroup;
			children = (
				18FE0D021D4F34D300CC6F2D /* LCSing */,
				18FE0D1F1D4F34D300CC6F2D /* LCSingTests */,
				18FE0D2A1D4F34D300CC6F2D /* LCSingUITests */,
				18FE0D011D4F34D300CC6F2D /* Products */,
			);
			sourceTree = "<group>";
		};
		18FE0D011D4F34D300CC6F2D /* Products */ = {
			isa = PBXGroup;
			children = (
				18FE0D001D4F34D300CC6F2D /* LCSing.app */,
				18FE0D1C1D4F34D300CC6F2D /* LCSingTests.xctest */,
				18FE0D271D4F34D300CC6F2D /* LCSingUITests.xctest */,
			);
			name = Products;
			sourceTree = "<group>";
		};
		18FE0D021D4F34D300CC6F2D /* LCSing */ = {
			isa = PBXGroup;
			children = (
				18100DAE1D509CB70011A4AF /* image */,
				18FE0D391D4F46C600CC6F2D /* LCSign.h */,
				18FE0D3A1D4F46C600CC6F2D /* LCSign.m */,
				18FE0D3C1D4F478F00CC6F2D /* LCDrawSignView.h */,
				18FE0D3D1D4F478F00CC6F2D /* LCDrawSignView.m */,
				18FE0D061D4F34D300CC6F2D /* AppDelegate.h */,
				18FE0D071D4F34D300CC6F2D /* AppDelegate.m */,
				18FE0D091D4F34D300CC6F2D /* ViewController.h */,
				18FE0D0A1D4F34D300CC6F2D /* ViewController.m */,
				18FE0D0C1D4F34D300CC6F2D /* Main.storyboard */,
				18FE0D121D4F34D300CC6F2D /* Assets.xcassets */,
				18FE0D141D4F34D300CC6F2D /* LaunchScreen.storyboard */,
				18FE0D171D4F34D300CC6F2D /* Info.plist */,
				18FE0D0F1D4F34D300CC6F2D /* LCSing.xcdatamodeld */,
				18FE0D031D4F34D300CC6F2D /* Supporting Files */,
			);
			path = LCSing;
			sourceTree = "<group>";
		};
		18FE0D031D4F34D300CC6F2D /* Supporting Files */ = {
			isa = PBXGroup;
			children = (
				18FE0D041D4F34D300CC6F2D /* main.m */,
			);
			name = "Supporting Files";
			sourceTree = "<group>";
		};
		18FE0D1F1D4F34D300CC6F2D /* LCSingTests */ = {
			isa = PBXGroup;
			children = (
				18FE0D201D4F34D300CC6F2D /* LCSingTests.m */,
				18FE0D221D4F34D300CC6F2D /* Info.plist */,
			);
			path = LCSingTests;
			sourceTree = "<group>";
		};
		18FE0D2A1D4F34D300CC6F2D /* LCSingUITests */ = {
			isa = PBXGroup;
			children = (
				18FE0D2B1D4F34D300CC6F2D /* LCSingUITests.m */,
				18FE0D2D1D4F34D300CC6F2D /* Info.plist */,
			);
			path = LCSingUITests;
			sourceTree = "<group>";
		};
/* End PBXGroup section */

/* Begin PBXNativeTarget section */
		18FE0CFF1D4F34D300CC6F2D /* LCSing */ = {
			isa = PBXNativeTarget;
			buildConfigurationList = 18FE0D301D4F34D300CC6F2D /* Build configuration list for PBXNativeTarget "LCSing" */;
			buildPhases = (
				18FE0CFC1D4F34D300CC6F2D /* Sources */,
				18FE0CFD1D4F34D300CC6F2D /* Frameworks */,
				18FE0CFE1D4F34D300CC6F2D /* Resources */,
			);
			buildRules = (
			);
			dependencies = (
			);
			name = LCSing;
			productName = LCSing;
			productReference = 18FE0D001D4F34D300CC6F2D /* LCSing.app */;
			productType = "com.apple.product-type.application";
		};
		18FE0D1B1D4F34D300CC6F2D /* LCSingTests */ = {
			isa = PBXNativeTarget;
			buildConfigurationList = 18FE0D331D4F34D300CC6F2D /* Build configuration list for PBXNativeTarget "LCSingTests" */;
			buildPhases = (
				18FE0D181D4F34D300CC6F2D /* Sources */,
				18FE0D191D4F34D300CC6F2D /* Frameworks */,
				18FE0D1A1D4F34D300CC6F2D /* Resources */,
			);
			buildRules = (
			);
			dependencies = (
				18FE0D1E1D4F34D300CC6F2D /* PBXTargetDependency */,
			);
			name = LCSingTests;
			productName = LCSingTests;
			productReference = 18FE0D1C1D4F34D300CC6F2D /* LCSingTests.xctest */;
			productType = "com.apple.product-type.bundle.unit-test";
		};
		18FE0D261D4F34D300CC6F2D /* LCSingUITests */ = {
			isa = PBXNativeTarget;
			buildConfigurationList = 18FE0D361D4F34D300CC6F2D /* Build configuration list for PBXNativeTarget "LCSingUITests" */;
			buildPhases = (
				18FE0D231D4F34D300CC6F2D /* Sources */,
				18FE0D241D4F34D300CC6F2D /* Frameworks */,
				18FE0D251D4F34D300CC6F2D /* Resources */,
			);
			buildRules = (
			);
			dependencies = (
				18FE0D291D4F34D300CC6F2D /* PBXTargetDependency */,
			);
			name = LCSingUITests;
			productName = LCSingUITests;
			productReference = 18FE0D271D4F34D300CC6F2D /* LCSingUITests.xctest */;
			productType = "com.apple.product-type.bundle.ui-testing";
		};
/* End PBXNativeTarget section */

/* Begin PBXProject section */
		18FE0CF81D4F34D300CC6F2D /* Project object */ = {
			isa = PBXProject;
			attributes = {
				LastUpgradeCheck = 0730;
				ORGANIZATIONNAME = "刘超";
				TargetAttributes = {
					18FE0CFF1D4F34D300CC6F2D = {
						CreatedOnToolsVersion = 7.3.1;
					};
					18FE0D1B1D4F34D300CC6F2D = {
						CreatedOnToolsVersion = 7.3.1;
						TestTargetID = 18FE0CFF1D4F34D300CC6F2D;
					};
					18FE0D261D4F34D300CC6F2D = {
						CreatedOnToolsVersion = 7.3.1;
						TestTargetID = 18FE0CFF1D4F34D300CC6F2D;
					};
				};
			};
			buildConfigurationList = 18FE0CFB1D4F34D300CC6F2D /* Build configuration list for PBXProject "LCSing" */;
			compatibilityVersion = "Xcode 3.2";
			developmentRegion = English;
			hasScannedForEncodings = 0;
			knownRegions = (
				en,
				Base,
			);
			mainGroup = 18FE0CF71D4F34D300CC6F2D;
			productRefGroup = 18FE0D011D4F34D300CC6F2D /* Products */;
			projectDirPath = "";
			projectRoot = "";
			targets = (
				18FE0CFF1D4F34D300CC6F2D /* LCSing */,
				18FE0D1B1D4F34D300CC6F2D /* LCSingTests */,
				18FE0D261D4F34D300CC6F2D /* LCSingUITests */,
			);
		};
/* End PBXProject section */

/* Begin PBXResourcesBuildPhase section */
		18FE0CFE1D4F34D300CC6F2D /* Resources */ = {
			isa = PBXResourcesBuildPhase;
			buildActionMask = 2147483647;
			files = (
				18100DD11D509D110011A4AF /* removehighlighted@2x.png in Resources */,
				18100DC21D509D110011A4AF /* cancel@2x.png in Resources */,
				18100DC31D509D110011A4AF /* cancel@3x.png in Resources */,
				18FE0D161D4F34D300CC6F2D /* LaunchScreen.storyboard in Resources */,
				18100DD21D509D110011A4AF /* removehighlighted@3x.png in Resources */,
				18100DCC1D509D110011A4AF /* confirmhighlighted@3x.png in Resources */,
				18100DC41D509D110011A4AF /* cancelhighlighted@1x.png in Resources */,
				18100DC71D509D110011A4AF /* confirm@1x.png in Resources */,
				18100DD01D509D110011A4AF /* removehighlighted@1x.png in Resources */,
				18100DCB1D509D110011A4AF /* confirmhighlighted@2x.png in Resources */,
				18100DCD1D509D110011A4AF /* remove@1x.png in Resources */,
				18100DC51D509D110011A4AF /* cancelhighlighted@2x.png in Resources */,
				18100DCF1D509D110011A4AF /* remove@3x.png in Resources */,
				18100DC91D509D110011A4AF /* confirm@3x.png in Resources */,
				18FE0D131D4F34D300CC6F2D /* Assets.xcassets in Resources */,
				18100DCA1D509D110011A4AF /* confirmhighlighted@1x.png in Resources */,
				18FE0D0E1D4F34D300CC6F2D /* Main.storyboard in Resources */,
				18100DC61D509D110011A4AF /* cancelhighlighted@3x.png in Resources */,
				18100DC11D509D110011A4AF /* cancel@1x.png in Resources */,
				18100DCE1D509D110011A4AF /* remove@2x.png in Resources */,
				18100DC81D509D110011A4AF /* confirm@2x.png in Resources */,
			);
			runOnlyForDeploymentPostprocessing = 0;
		};
		18FE0D1A1D4F34D300CC6F2D /* Resources */ = {
			isa = PBXResourcesBuildPhase;
			buildActionMask = 2147483647;
			files = (
			);
			runOnlyForDeploymentPostprocessing = 0;
		};
		18FE0D251D4F34D300CC6F2D /* Resources */ = {
			isa = PBXResourcesBuildPhase;
			buildActionMask = 2147483647;
			files = (
			);
			runOnlyForDeploymentPostprocessing = 0;
		};
/* End PBXResourcesBuildPhase section */

/* Begin PBXSourcesBuildPhase section */
		18FE0CFC1D4F34D300CC6F2D /* Sources */ = {
			isa = PBXSourcesBuildPhase;
			buildActionMask = 2147483647;
			files = (
				18FE0D3E1D4F478F00CC6F2D /* LCDrawSignView.m in Sources */,
				18FE0D0B1D4F34D300CC6F2D /* ViewController.m in Sources */,
				18FE0D081D4F34D300CC6F2D /* AppDelegate.m in Sources */,
				18FE0D051D4F34D300CC6F2D /* main.m in Sources */,
				18FE0D111D4F34D300CC6F2D /* LCSing.xcdatamodeld in Sources */,
				18FE0D3B1D4F46C600CC6F2D /* LCSign.m in Sources */,
			);
			runOnlyForDeploymentPostprocessing = 0;
		};
		18FE0D181D4F34D300CC6F2D /* Sources */ = {
			isa = PBXSourcesBuildPhase;
			buildActionMask = 2147483647;
			files = (
				18FE0D211D4F34D300CC6F2D /* LCSingTests.m in Sources */,
			);
			runOnlyForDeploymentPostprocessing = 0;
		};
		18FE0D231D4F34D300CC6F2D /* Sources */ = {
			isa = PBXSourcesBuildPhase;
			buildActionMask = 2147483647;
			files = (
				18FE0D2C1D4F34D300CC6F2D /* LCSingUITests.m in Sources */,
			);
			runOnlyForDeploymentPostprocessing = 0;
		};
/* End PBXSourcesBuildPhase section */

/* Begin PBXTargetDependency section */
		18FE0D1E1D4F34D300CC6F2D /* PBXTargetDependency */ = {
			isa = PBXTargetDependency;
			target = 18FE0CFF1D4F34D300CC6F2D /* LCSing */;
			targetProxy = 18FE0D1D1D4F34D300CC6F2D /* PBXContainerItemProxy */;
		};
		18FE0D291D4F34D300CC6F2D /* PBXTargetDependency */ = {
			isa = PBXTargetDependency;
			target = 18FE0CFF1D4F34D300CC6F2D /* LCSing */;
			targetProxy = 18FE0D281D4F34D300CC6F2D /* PBXContainerItemProxy */;
		};
/* End PBXTargetDependency section */

/* Begin PBXVariantGroup section */
		18FE0D0C1D4F34D300CC6F2D /* Main.storyboard */ = {
			isa = PBXVariantGroup;
			children = (
				18FE0D0D1D4F34D300CC6F2D /* Base */,
			);
			name = Main.storyboard;
			sourceTree = "<group>";
		};
		18FE0D141D4F34D300CC6F2D /* LaunchScreen.storyboard */ = {
			isa = PBXVariantGroup;
			children = (
				18FE0D151D4F34D300CC6F2D /* Base */,
			);
			name = LaunchScreen.storyboard;
			sourceTree = "<group>";
		};
/* End PBXVariantGroup section */

/* Begin XCBuildConfiguration section */
		18FE0D2E1D4F34D300CC6F2D /* Debug */ = {
			isa = XCBuildConfiguration;
			buildSettings = {
				ALWAYS_SEARCH_USER_PATHS = NO;
				CLANG_ANALYZER_NONNULL = YES;
				CLANG_CXX_LANGUAGE_STANDARD = "gnu++0x";
				CLANG_CXX_LIBRARY = "libc++";
				CLANG_ENABLE_MODULES = YES;
				CLANG_ENABLE_OBJC_ARC = YES;
				CLANG_WARN_BOOL_CONVERSION = YES;
				CLANG_WARN_CONSTANT_CONVERSION = YES;
				CLANG_WARN_DIRECT_OBJC_ISA_USAGE = YES_ERROR;
				CLANG_WARN_EMPTY_BODY = YES;
				CLANG_WARN_ENUM_CONVERSION = YES;
				CLANG_WARN_INT_CONVERSION = YES;
				CLANG_WARN_OBJC_ROOT_CLASS = YES_ERROR;
				CLANG_WARN_UNREACHABLE_CODE = YES;
				CLANG_WARN__DUPLICATE_METHOD_MATCH = YES;
				"CODE_SIGN_IDENTITY[sdk=iphoneos*]" = "iPhone Developer";
				COPY_PHASE_STRIP = NO;
				DEBUG_INFORMATION_FORMAT = dwarf;
				ENABLE_STRICT_OBJC_MSGSEND = YES;
				ENABLE_TESTABILITY = YES;
				GCC_C_LANGUAGE_STANDARD = gnu99;
				GCC_DYNAMIC_NO_PIC = NO;
				GCC_NO_COMMON_BLOCKS = YES;
				GCC_OPTIMIZATION_LEVEL = 0;
				GCC_PREPROCESSOR_DEFINITIONS = (
					"DEBUG=1",
					"$(inherited)",
				);
				GCC_WARN_64_TO_32_BIT_CONVERSION = YES;
				GCC_WARN_ABOUT_RETURN_TYPE = YES_ERROR;
				GCC_WARN_UNDECLARED_SELECTOR = YES;
				GCC_WARN_UNINITIALIZED_AUTOS = YES_AGGRESSIVE;
				GCC_WARN_UNUSED_FUNCTION = YES;
				GCC_WARN_UNUSED_VARIABLE = YES;
				IPHONEOS_DEPLOYMENT_TARGET = 9.3;
				MTL_ENABLE_DEBUG_INFO = YES;
				ONLY_ACTIVE_ARCH = YES;
				SDKROOT = iphoneos;
				TARGETED_DEVICE_FAMILY = "1,2";
			};
			name = Debug;
		};
		18FE0D2F1D4F34D300CC6F2D /* Release */ = {
			isa = XCBuildConfiguration;
			buildSettings = {
				ALWAYS_SEARCH_USER_PATHS = NO;
				CLANG_ANALYZER_NONNULL = YES;
				CLANG_CXX_LANGUAGE_STANDARD = "gnu++0x";
				CLANG_CXX_LIBRARY = "libc++";
				CLANG_ENABLE_MODULES = YES;
				CLANG_ENABLE_OBJC_ARC = YES;
				CLANG_WARN_BOOL_CONVERSION = YES;
				CLANG_WARN_CONSTANT_CONVERSION = YES;
				CLANG_WARN_DIRECT_OBJC_ISA_USAGE = YES_ERROR;
				CLANG_WARN_EMPTY_BODY = YES;
				CLANG_WARN_ENUM_CONVERSION = YES;
				CLANG_WARN_INT_CONVERSION = YES;
				CLANG_WARN_OBJC_ROOT_CLASS = YES_ERROR;
				CLANG_WARN_UNREACHABLE_CODE = YES;
				CLANG_WARN__DUPLICATE_METHOD_MATCH = YES;
				"CODE_SIGN_IDENTITY[sdk=iphoneos*]" = "iPhone Developer";
				COPY_PHASE_STRIP = NO;
				DEBUG_INFORMATION_FORMAT = "dwarf-with-dsym";
				ENABLE_NS_ASSERTIONS = NO;
				ENABLE_STRICT_OBJC_MSGSEND = YES;
				GCC_C_LANGUAGE_STANDARD = gnu99;
				GCC_NO_COMMON_BLOCKS = YES;
				GCC_WARN_64_TO_32_BIT_CONVERSION = YES;
				GCC_WARN_ABOUT_RETURN_TYPE = YES_ERROR;
				GCC_WARN_UNDECLARED_SELECTOR = YES;
				GCC_WARN_UNINITIALIZED_AUTOS = YES_AGGRESSIVE;
				GCC_WARN_UNUSED_FUNCTION = YES;
				GCC_WARN_UNUSED_VARIABLE = YES;
				IPHONEOS_DEPLOYMENT_TARGET = 9.3;
				MTL_ENABLE_DEBUG_INFO = NO;
				SDKROOT = iphoneos;
				TARGETED_DEVICE_FAMILY = "1,2";
				VALIDATE_PRODUCT = YES;
			};
			name = Release;
		};
		18FE0D311D4F34D300CC6F2D /* Debug */ = {
			isa = XCBuildConfiguration;
			buildSettings = {
				ASSETCATALOG_COMPILER_APPICON_NAME = AppIcon;
				INFOPLIST_FILE = LCSing/Info.plist;
				LD_RUNPATH_SEARCH_PATHS = "$(inherited) @executable_path/Frameworks";
				PRODUCT_BUNDLE_IDENTIFIER = LC.LCSing;
				PRODUCT_NAME = "$(TARGET_NAME)";
			};
			name = Debug;
		};
		18FE0D321D4F34D300CC6F2D /* Release */ = {
			isa = XCBuildConfiguration;
			buildSettings = {
				ASSETCATALOG_COMPILER_APPICON_NAME = AppIcon;
				INFOPLIST_FILE = LCSing/Info.plist;
				LD_RUNPATH_SEARCH_PATHS = "$(inherited) @executable_path/Frameworks";
				PRODUCT_BUNDLE_IDENTIFIER = LC.LCSing;
				PRODUCT_NAME = "$(TARGET_NAME)";
			};
			name = Release;
		};
		18FE0D341D4F34D300CC6F2D /* Debug */ = {
			isa = XCBuildConfiguration;
			buildSettings = {
				BUNDLE_LOADER = "$(TEST_HOST)";
				INFOPLIST_FILE = LCSingTests/Info.plist;
				LD_RUNPATH_SEARCH_PATHS = "$(inherited) @executable_path/Frameworks @loader_path/Frameworks";
				PRODUCT_BUNDLE_IDENTIFIER = LC.LCSingTests;
				PRODUCT_NAME = "$(TARGET_NAME)";
				TEST_HOST = "$(BUILT_PRODUCTS_DIR)/LCSing.app/LCSing";
			};
			name = Debug;
		};
		18FE0D351D4F34D300CC6F2D /* Release */ = {
			isa = XCBuildConfiguration;
			buildSettings = {
				BUNDLE_LOADER = "$(TEST_HOST)";
				INFOPLIST_FILE = LCSingTests/Info.plist;
				LD_RUNPATH_SEARCH_PATHS = "$(inherited) @executable_path/Frameworks @loader_path/Frameworks";
				PRODUCT_BUNDLE_IDENTIFIER = LC.LCSingTests;
				PRODUCT_NAME = "$(TARGET_NAME)";
				TEST_HOST = "$(BUILT_PRODUCTS_DIR)/LCSing.app/LCSing";
			};
			name = Release;
		};
		18FE0D371D4F34D300CC6F2D /* Debug */ = {
			isa = XCBuildConfiguration;
			buildSettings = {
				INFOPLIST_FILE = LCSingUITests/Info.plist;
				LD_RUNPATH_SEARCH_PATHS = "$(inherited) @executable_path/Frameworks @loader_path/Frameworks";
				PRODUCT_BUNDLE_IDENTIFIER = LC.LCSingUITests;
				PRODUCT_NAME = "$(TARGET_NAME)";
				TEST_TARGET_NAME = LCSing;
			};
			name = Debug;
		};
		18FE0D381D4F34D300CC6F2D /* Release */ = {
			isa = XCBuildConfiguration;
			buildSettings = {
				INFOPLIST_FILE = LCSingUITests/Info.plist;
				LD_RUNPATH_SEARCH_PATHS = "$(inherited) @executable_path/Frameworks @loader_path/Frameworks";
				PRODUCT_BUNDLE_IDENTIFIER = LC.LCSingUITests;
				PRODUCT_NAME = "$(TARGET_NAME)";
				TEST_TARGET_NAME = LCSing;
			};
			name = Release;
		};
/* End XCBuildConfiguration section */

/* Begin XCConfigurationList section */
		18FE0CFB1D4F34D300CC6F2D /* Build configuration list for PBXProject "LCSing" */ = {
			isa = XCConfigurationList;
			buildConfigurations = (
				18FE0D2E1D4F34D300CC6F2D /* Debug */,
				18FE0D2F1D4F34D300CC6F2D /* Release */,
			);
			defaultConfigurationIsVisible = 0;
			defaultConfigurationName = Release;
		};
		18FE0D301D4F34D300CC6F2D /* Build configuration list for PBXNativeTarget "LCSing" */ = {
			isa = XCConfigurationList;
			buildConfigurations = (
				18FE0D311D4F34D300CC6F2D /* Debug */,
				18FE0D321D4F34D300CC6F2D /* Release */,
			);
			defaultConfigurationIsVisible = 0;
			defaultConfigurationName = Release;
		};
		18FE0D331D4F34D300CC6F2D /* Build configuration list for PBXNativeTarget "LCSingTests" */ = {
			isa = XCConfigurationList;
			buildConfigurations = (
				18FE0D341D4F34D300CC6F2D /* Debug */,
				18FE0D351D4F34D300CC6F2D /* Release */,
			);
			defaultConfigurationIsVisible = 0;
			defaultConfigurationName = Release;
		};
		18FE0D361D4F34D300CC6F2D /* Build configuration list for PBXNativeTarget "LCSingUITests" */ = {
			isa = XCConfigurationList;
			buildConfigurations = (
				18FE0D371D4F34D300CC6F2D /* Debug */,
				18FE0D381D4F34D300CC6F2D /* Release */,
			);
			defaultConfigurationIsVisible = 0;
			defaultConfigurationName = Release;
		};
/* End XCConfigurationList section */

/* Begin XCVersionGroup section */
		18FE0D0F1D4F34D300CC6F2D /* LCSing.xcdatamodeld */ = {
			isa = XCVersionGroup;
			children = (
				18FE0D101D4F34D300CC6F2D /* LCSing.xcdatamodel */,
			);
			currentVersion = 18FE0D101D4F34D300CC6F2D /* LCSing.xcdatamodel */;
			path = LCSing.xcdatamodeld;
			sourceTree = "<group>";
			versionGroupType = wrapper.xcdatamodel;
		};
/* End XCVersionGroup section */
	};
	rootObject = 18FE0CF81D4F34D300CC6F2D /* Project object */;
}
